
Microsoft Visual Studio Solution File, Format Version 12.00
# Visual Studio Version 17
VisualStudioVersion = 17.0.31903.59
MinimumVisualStudioVersion = 10.0.40219.1
Project("{FAE04EC0-301F-11D3-BF4B-00C04F79EFBC}") = "Notes.Api", "Notes.Api\Notes.Api.csproj", "{40BA119F-6860-40F6-9A39-671F88A0FAC6}"
EndProject
Project("{FAE04EC0-301F-11D3-BF4B-00C04F79EFBC}") = "Notes.Repositories", "Notes.Repositories\Notes.Repositories.csproj", "{48697352-5F69-45AA-8DFE-3D3B0C999611}"
EndProject
Project("{FAE04EC0-301F-11D3-BF4B-00C04F79EFBC}") = "Notes.Data", "Notes.Data\Notes.Data.csproj", "{7E6A5FF9-EC9E-4052-98DD-F41A45D0C677}"
EndProject
Project("{FAE04EC0-301F-11D3-BF4B-00C04F79EFBC}") = "Notes.Services", "Notes.Services\Notes.Services.csproj", "{96F63B02-E64F-407C-803B-60B6E31C90D4}"
EndProject
Project("{FAE04EC0-301F-11D3-BF4B-00C04F79EFBC}") = "Notes.ViewModels", "Notes.ViewModels\Notes.ViewModels.csproj", "{CEFB41D0-DB68-4A34-9B40-B2D2A472CFC6}"
EndProject
Project("{FAE04EC0-301F-11D3-BF4B-00C04F79EFBC}") = "Notes.Utilites", "Notes.Utilites\Notes.Utilites.csproj", "{7DBEDEEE-A7D2-46CB-B99B-D88245F3C213}"
EndProject
Project("{FAE04EC0-301F-11D3-BF4B-00C04F79EFBC}") = "Notes.Models", "Notes.Models\Notes.Models.csproj", "{D5BAB992-037D-4D67-A001-B3FDCC5AE8D1}"
EndProject
Global
	GlobalSection(SolutionConfigurationPlatforms) = preSolution
		Debug|Any CPU = Debug|Any CPU
		Release|Any CPU = Release|Any CPU
	EndGlobalSection
	GlobalSection(ProjectConfigurationPlatforms) = postSolution
		{40BA119F-6860-40F6-9A39-671F88A0FAC6}.Debug|Any CPU.ActiveCfg = Debug|Any CPU
		{40BA119F-6860-40F6-9A39-671F88A0FAC6}.Debug|Any CPU.Build.0 = Debug|Any CPU
		{40BA119F-6860-40F6-9A39-671F88A0FAC6}.Release|Any CPU.ActiveCfg = Release|Any CPU
		{40BA119F-6860-40F6-9A39-671F88A0FAC6}.Release|Any CPU.Build.0 = Release|Any CPU
		{48697352-5F69-45AA-8DFE-3D3B0C999611}.Debug|Any CPU.ActiveCfg = Debug|Any CPU
		{48697352-5F69-45AA-8DFE-3D3B0C999611}.Debug|Any CPU.Build.0 = Debug|Any CPU
		{48697352-5F69-45AA-8DFE-3D3B0C999611}.Release|Any CPU.ActiveCfg = Release|Any CPU
		{48697352-5F69-45AA-8DFE-3D3B0C999611}.Release|Any CPU.Build.0 = Release|Any CPU
		{7E6A5FF9-EC9E-4052-98DD-F41A45D0C677}.Debug|Any CPU.ActiveCfg = Debug|Any CPU
		{7E6A5FF9-EC9E-4052-98DD-F41A45D0C677}.Debug|Any CPU.Build.0 = Debug|Any CPU
		{7E6A5FF9-EC9E-4052-98DD-F41A45D0C677}.Release|Any CPU.ActiveCfg = Release|Any CPU
		{7E6A5FF9-EC9E-4052-98DD-F41A45D0C677}.Release|Any CPU.Build.0 = Release|Any CPU
		{96F63B02-E64F-407C-803B-60B6E31C90D4}.Debug|Any CPU.ActiveCfg = Debug|Any CPU
		{96F63B02-E64F-407C-803B-60B6E31C90D4}.Debug|Any CPU.Build.0 = Debug|Any CPU
		{96F63B02-E64F-407C-803B-60B6E31C90D4}.Release|Any CPU.ActiveCfg = Release|Any CPU
		{96F63B02-E64F-407C-803B-60B6E31C90D4}.Release|Any CPU.Build.0 = Release|Any CPU
		{CEFB41D0-DB68-4A34-9B40-B2D2A472CFC6}.Debug|Any CPU.ActiveCfg = Debug|Any CPU
		{CEFB41D0-DB68-4A34-9B40-B2D2A472CFC6}.Debug|Any CPU.Build.0 = Debug|Any CPU
		{CEFB41D0-DB68-4A34-9B40-B2D2A472CFC6}.Release|Any CPU.ActiveCfg = Release|Any CPU
		{CEFB41D0-DB68-4A34-9B40-B2D2A472CFC6}.Release|Any CPU.Build.0 = Release|Any CPU
		{7DBEDEEE-A7D2-46CB-B99B-D88245F3C213}.Debug|Any CPU.ActiveCfg = Debug|Any CPU
		{7DBEDEEE-A7D2-46CB-B99B-D88245F3C213}.Debug|Any CPU.Build.0 = Debug|Any CPU
		{7DBEDEEE-A7D2-46CB-B99B-D88245F3C213}.Release|Any CPU.ActiveCfg = Release|Any CPU
		{7DBEDEEE-A7D2-46CB-B99B-D88245F3C213}.Release|Any CPU.Build.0 = Release|Any CPU
		{D5BAB992-037D-4D67-A001-B3FDCC5AE8D1}.Debug|Any CPU.ActiveCfg = Debug|Any CPU
		{D5BAB992-037D-4D67-A001-B3FDCC5AE8D1}.Debug|Any CPU.Build.0 = Debug|Any CPU
		{D5BAB992-037D-4D67-A001-B3FDCC5AE8D1}.Release|Any CPU.ActiveCfg = Release|Any CPU
		{D5BAB992-037D-4D67-A001-B3FDCC5AE8D1}.Release|Any CPU.Build.0 = Release|Any CPU
	EndGlobalSection
	GlobalSection(SolutionProperties) = preSolution
		HideSolutionNode = FALSE
	EndGlobalSection
	GlobalSection(ExtensibilityGlobals) = postSolution
		SolutionGuid = {D9CA9567-EA2D-4762-A980-79A51BD57E29}
	EndGlobalSection
EndGlobal
